
Microsoft Visual Studio Solution File, Format Version 12.00
Project("{FAE04EC0-301F-11D3-BF4B-00C04F79EFBC}") = "Lab10-Marquez", "Lab10-Marquez\Lab10-Marquez.csproj", "{490C0141-BF77-4875-A772-E4B47CD2C54D}"
EndProject
Project("{FAE04EC0-301F-11D3-BF4B-00C04F79EFBC}") = "Lab10-Marquez.Application", "Lab10-Marquez.Application\Lab10-Marquez.Application.csproj", "{B0809EA6-D352-4540-A7C1-0FC3E7D12473}"
EndProject
Project("{FAE04EC0-301F-11D3-BF4B-00C04F79EFBC}") = "Lab10-Marquez.Domain", "Lab10-Marquez.Domain\Lab10-Marquez.Domain.csproj", "{62E749E7-0B8B-48C1-AA95-651DE81A3F17}"
EndProject
Project("{FAE04EC0-301F-11D3-BF4B-00C04F79EFBC}") = "Lab10-Marquez.Infrastructure", "Lab10-Marquez.Infrastructure\Lab10-Marquez.Infrastructure.csproj", "{4BC17D97-3C73-4A0E-8505-9CA135B3F5BD}"
EndProject
Global
	GlobalSection(SolutionConfigurationPlatforms) = preSolution
		Debug|Any CPU = Debug|Any CPU
		Release|Any CPU = Release|Any CPU
	EndGlobalSection
	GlobalSection(ProjectConfigurationPlatforms) = postSolution
		{490C0141-BF77-4875-A772-E4B47CD2C54D}.Debug|Any CPU.ActiveCfg = Debug|Any CPU
		{490C0141-BF77-4875-A772-E4B47CD2C54D}.Debug|Any CPU.Build.0 = Debug|Any CPU
		{490C0141-BF77-4875-A772-E4B47CD2C54D}.Release|Any CPU.ActiveCfg = Release|Any CPU
		{490C0141-BF77-4875-A772-E4B47CD2C54D}.Release|Any CPU.Build.0 = Release|Any CPU
		{B0809EA6-D352-4540-A7C1-0FC3E7D12473}.Debug|Any CPU.ActiveCfg = Debug|Any CPU
		{B0809EA6-D352-4540-A7C1-0FC3E7D12473}.Debug|Any CPU.Build.0 = Debug|Any CPU
		{B0809EA6-D352-4540-A7C1-0FC3E7D12473}.Release|Any CPU.ActiveCfg = Release|Any CPU
		{B0809EA6-D352-4540-A7C1-0FC3E7D12473}.Release|Any CPU.Build.0 = Release|Any CPU
		{62E749E7-0B8B-48C1-AA95-651DE81A3F17}.Debug|Any CPU.ActiveCfg = Debug|Any CPU
		{62E749E7-0B8B-48C1-AA95-651DE81A3F17}.Debug|Any CPU.Build.0 = Debug|Any CPU
		{62E749E7-0B8B-48C1-AA95-651DE81A3F17}.Release|Any CPU.ActiveCfg = Release|Any CPU
		{62E749E7-0B8B-48C1-AA95-651DE81A3F17}.Release|Any CPU.Build.0 = Release|Any CPU
		{4BC17D97-3C73-4A0E-8505-9CA135B3F5BD}.Debug|Any CPU.ActiveCfg = Debug|Any CPU
		{4BC17D97-3C73-4A0E-8505-9CA135B3F5BD}.Debug|Any CPU.Build.0 = Debug|Any CPU
		{4BC17D97-3C73-4A0E-8505-9CA135B3F5BD}.Release|Any CPU.ActiveCfg = Release|Any CPU
		{4BC17D97-3C73-4A0E-8505-9CA135B3F5BD}.Release|Any CPU.Build.0 = Release|Any CPU
	EndGlobalSection
EndGlobal
